
Microsoft Visual Studio Solution File, Format Version 12.00
# Visual Studio Version 17
VisualStudioVersion = 17.9.34723.18
MinimumVisualStudioVersion = 10.0.40219.1
Project("{FAE04EC0-301F-11D3-BF4B-00C04F79EFBC}") = "DiscHelper", "DiscHelper\DiscHelper.csproj", "{0F7D5789-78B4-454C-A92B-8F6E2EF7F27B}"
EndProject
Global
	GlobalSection(SolutionConfigurationPlatforms) = preSolution
		Debug|Any CPU = Debug|Any CPU
		Release|Any CPU = Release|Any CPU
	EndGlobalSection
	GlobalSection(ProjectConfigurationPlatforms) = postSolution
		{0F7D5789-78B4-454C-A92B-8F6E2EF7F27B}.Debug|Any CPU.ActiveCfg = Debug|Any CPU
		{0F7D5789-78B4-454C-A92B-8F6E2EF7F27B}.Debug|Any CPU.Build.0 = Debug|Any CPU
		{0F7D5789-78B4-454C-A92B-8F6E2EF7F27B}.Release|Any CPU.ActiveCfg = Release|Any CPU
		{0F7D5789-78B4-454C-A92B-8F6E2EF7F27B}.Release|Any CPU.Build.0 = Release|Any CPU
	EndGlobalSection
	GlobalSection(SolutionProperties) = preSolution
		HideSolutionNode = FALSE
	EndGlobalSection
	GlobalSection(ExtensibilityGlobals) = postSolution
		SolutionGuid = {05794A51-8BDA-4821-A9DE-53237036D314}
	EndGlobalSection
EndGlobal
